// !$*UTF8*$!
{
	archiveVersion = 1;
	classes = {
	};
	objectVersion = 50;
	objects = {

/* Begin PBXBuildFile section */
		A60881C6237A337500728226 /* MSAlert.framework in Frameworks */ = {isa = PBXBuildFile; fileRef = A60881BC237A337500728226 /* MSAlert.framework */; };
		A60881CB237A337500728226 /* MSAlertTests.swift in Sources */ = {isa = PBXBuildFile; fileRef = A60881CA237A337500728226 /* MSAlertTests.swift */; };
		A60881CD237A337500728226 /* MSAlert.h in Headers */ = {isa = PBXBuildFile; fileRef = A60881BF237A337500728226 /* MSAlert.h */; settings = {ATTRIBUTES = (Public, ); }; };
		A60881D7237A339700728226 /* MSAlertView.swift in Sources */ = {isa = PBXBuildFile; fileRef = A60881D6237A339700728226 /* MSAlertView.swift */; };
		A60881D9237A343300728226 /* UIView+CornerRadius.swift in Sources */ = {isa = PBXBuildFile; fileRef = A60881D8237A343300728226 /* UIView+CornerRadius.swift */; };
		A60881DB237A34C400728226 /* UIColor+Hex.swift in Sources */ = {isa = PBXBuildFile; fileRef = A60881DA237A34C400728226 /* UIColor+Hex.swift */; };
/* End PBXBuildFile section */

/* Begin PBXContainerItemProxy section */
		A60881C7237A337500728226 /* PBXContainerItemProxy */ = {
			isa = PBXContainerItemProxy;
			containerPortal = A60881B3237A337500728226 /* Project object */;
			proxyType = 1;
			remoteGlobalIDString = A60881BB237A337500728226;
			remoteInfo = MSAlert;
		};
/* End PBXContainerItemProxy section */

/* Begin PBXFileReference section */
		A60881BC237A337500728226 /* MSAlert.framework */ = {isa = PBXFileReference; explicitFileType = wrapper.framework; includeInIndex = 0; path = MSAlert.framework; sourceTree = BUILT_PRODUCTS_DIR; };
		A60881BF237A337500728226 /* MSAlert.h */ = {isa = PBXFileReference; lastKnownFileType = sourcecode.c.h; path = MSAlert.h; sourceTree = "<group>"; };
		A60881C0237A337500728226 /* Info.plist */ = {isa = PBXFileReference; lastKnownFileType = text.plist.xml; path = Info.plist; sourceTree = "<group>"; };
		A60881C5237A337500728226 /* MSAlertTests.xctest */ = {isa = PBXFileReference; explicitFileType = wrapper.cfbundle; includeInIndex = 0; path = MSAlertTests.xctest; sourceTree = BUILT_PRODUCTS_DIR; };
		A60881CA237A337500728226 /* MSAlertTests.swift */ = {isa = PBXFileReference; lastKnownFileType = sourcecode.swift; path = MSAlertTests.swift; sourceTree = "<group>"; };
		A60881CC237A337500728226 /* Info.plist */ = {isa = PBXFileReference; lastKnownFileType = text.plist.xml; path = Info.plist; sourceTree = "<group>"; };
		A60881D6237A339700728226 /* MSAlertView.swift */ = {isa = PBXFileReference; lastKnownFileType = sourcecode.swift; path = MSAlertView.swift; sourceTree = "<group>"; };
		A60881D8237A343300728226 /* UIView+CornerRadius.swift */ = {isa = PBXFileReference; lastKnownFileType = sourcecode.swift; path = "UIView+CornerRadius.swift"; sourceTree = "<group>"; };
		A60881DA237A34C400728226 /* UIColor+Hex.swift */ = {isa = PBXFileReference; lastKnownFileType = sourcecode.swift; path = "UIColor+Hex.swift"; sourceTree = "<group>"; };
/* End PBXFileReference section */

/* Begin PBXFrameworksBuildPhase section */
		A60881B9237A337500728226 /* Frameworks */ = {
			isa = PBXFrameworksBuildPhase;
			buildActionMask = 2147483647;
			files = (
			);
			runOnlyForDeploymentPostprocessing = 0;
		};
		A60881C2237A337500728226 /* Frameworks */ = {
			isa = PBXFrameworksBuildPhase;
			buildActionMask = 2147483647;
			files = (
				A60881C6237A337500728226 /* MSAlert.framework in Frameworks */,
			);
			runOnlyForDeploymentPostprocessing = 0;
		};
/* End PBXFrameworksBuildPhase section */

/* Begin PBXGroup section */
		A60881B2237A337500728226 = {
			isa = PBXGroup;
			children = (
				A60881BE237A337500728226 /* MSAlert */,
				A60881C9237A337500728226 /* MSAlertTests */,
				A60881BD237A337500728226 /* Products */,
			);
			sourceTree = "<group>";
		};
		A60881BD237A337500728226 /* Products */ = {
			isa = PBXGroup;
			children = (
				A60881BC237A337500728226 /* MSAlert.framework */,
				A60881C5237A337500728226 /* MSAlertTests.xctest */,
			);
			name = Products;
			sourceTree = "<group>";
		};
		A60881BE237A337500728226 /* MSAlert */ = {
			isa = PBXGroup;
			children = (
				A60881BF237A337500728226 /* MSAlert.h */,
				A60881D6237A339700728226 /* MSAlertView.swift */,
				A60881D8237A343300728226 /* UIView+CornerRadius.swift */,
				A60881DA237A34C400728226 /* UIColor+Hex.swift */,
				A60881C0237A337500728226 /* Info.plist */,
			);
			path = MSAlert;
			sourceTree = "<group>";
		};
		A60881C9237A337500728226 /* MSAlertTests */ = {
			isa = PBXGroup;
			children = (
				A60881CA237A337500728226 /* MSAlertTests.swift */,
				A60881CC237A337500728226 /* Info.plist */,
			);
			path = MSAlertTests;
			sourceTree = "<group>";
		};
/* End PBXGroup section */

/* Begin PBXHeadersBuildPhase section */
		A60881B7237A337500728226 /* Headers */ = {
			isa = PBXHeadersBuildPhase;
			buildActionMask = 2147483647;
			files = (
				A60881CD237A337500728226 /* MSAlert.h in Headers */,
			);
			runOnlyForDeploymentPostprocessing = 0;
		};
/* End PBXHeadersBuildPhase section */

/* Begin PBXNativeTarget section */
		A60881BB237A337500728226 /* MSAlert */ = {
			isa = PBXNativeTarget;
			buildConfigurationList = A60881D0237A337500728226 /* Build configuration list for PBXNativeTarget "MSAlert" */;
			buildPhases = (
				A60881B7237A337500728226 /* Headers */,
				A60881B8237A337500728226 /* Sources */,
				A60881B9237A337500728226 /* Frameworks */,
				A60881BA237A337500728226 /* Resources */,
			);
			buildRules = (
			);
			dependencies = (
			);
			name = MSAlert;
			productName = MSAlert;
			productReference = A60881BC237A337500728226 /* MSAlert.framework */;
			productType = "com.apple.product-type.framework";
		};
		A60881C4237A337500728226 /* MSAlertTests */ = {
			isa = PBXNativeTarget;
			buildConfigurationList = A60881D3237A337500728226 /* Build configuration list for PBXNativeTarget "MSAlertTests" */;
			buildPhases = (
				A60881C1237A337500728226 /* Sources */,
				A60881C2237A337500728226 /* Frameworks */,
				A60881C3237A337500728226 /* Resources */,
			);
			buildRules = (
			);
			dependencies = (
				A60881C8237A337500728226 /* PBXTargetDependency */,
			);
			name = MSAlertTests;
			productName = MSAlertTests;
			productReference = A60881C5237A337500728226 /* MSAlertTests.xctest */;
			productType = "com.apple.product-type.bundle.unit-test";
		};
/* End PBXNativeTarget section */

/* Begin PBXProject section */
		A60881B3237A337500728226 /* Project object */ = {
			isa = PBXProject;
			attributes = {
				LastSwiftUpdateCheck = 1120;
				LastUpgradeCheck = 1120;
				ORGANIZATIONNAME = "Marc Zhao";
				TargetAttributes = {
					A60881BB237A337500728226 = {
						CreatedOnToolsVersion = 11.2;
						LastSwiftMigration = 1120;
					};
					A60881C4237A337500728226 = {
						CreatedOnToolsVersion = 11.2;
					};
				};
			};
			buildConfigurationList = A60881B6237A337500728226 /* Build configuration list for PBXProject "MSAlert" */;
			compatibilityVersion = "Xcode 9.3";
			developmentRegion = en;
			hasScannedForEncodings = 0;
			knownRegions = (
				en,
				Base,
			);
			mainGroup = A60881B2237A337500728226;
			productRefGroup = A60881BD237A337500728226 /* Products */;
			projectDirPath = "";
			projectRoot = "";
			targets = (
				A60881BB237A337500728226 /* MSAlert */,
				A60881C4237A337500728226 /* MSAlertTests */,
			);
		};
/* End PBXProject section */

/* Begin PBXResourcesBuildPhase section */
		A60881BA237A337500728226 /* Resources */ = {
			isa = PBXResourcesBuildPhase;
			buildActionMask = 2147483647;
			files = (
			);
			runOnlyForDeploymentPostprocessing = 0;
		};
		A60881C3237A337500728226 /* Resources */ = {
			isa = PBXResourcesBuildPhase;
			buildActionMask = 2147483647;
			files = (
			);
			runOnlyForDeploymentPostprocessing = 0;
		};
/* End PBXResourcesBuildPhase section */

/* Begin PBXSourcesBuildPhase section */
		A60881B8237A337500728226 /* Sources */ = {
			isa = PBXSourcesBuildPhase;
			buildActionMask = 2147483647;
			files = (
				A60881DB237A34C400728226 /* UIColor+Hex.swift in Sources */,
				A60881D7237A339700728226 /* MSAlertView.swift in Sources */,
				A60881D9237A343300728226 /* UIView+CornerRadius.swift in Sources */,
			);
			runOnlyForDeploymentPostprocessing = 0;
		};
		A60881C1237A337500728226 /* Sources */ = {
			isa = PBXSourcesBuildPhase;
			buildActionMask = 2147483647;
			files = (
				A60881CB237A337500728226 /* MSAlertTests.swift in Sources */,
			);
			runOnlyForDeploymentPostprocessing = 0;
		};
/* End PBXSourcesBuildPhase section */

/* Begin PBXTargetDependency section */
		A60881C8237A337500728226 /* PBXTargetDependency */ = {
			isa = PBXTargetDependency;
			target = A60881BB237A337500728226 /* MSAlert */;
			targetProxy = A60881C7237A337500728226 /* PBXContainerItemProxy */;
		};
/* End PBXTargetDependency section */

/* Begin XCBuildConfiguration section */
		A60881CE237A337500728226 /* Debug */ = {
			isa = XCBuildConfiguration;
			buildSettings = {
				ALWAYS_SEARCH_USER_PATHS = NO;
				CLANG_ANALYZER_NONNULL = YES;
				CLANG_ANALYZER_NUMBER_OBJECT_CONVERSION = YES_AGGRESSIVE;
				CLANG_CXX_LANGUAGE_STANDARD = "gnu++14";
				CLANG_CXX_LIBRARY = "libc++";
				CLANG_ENABLE_MODULES = YES;
				CLANG_ENABLE_OBJC_ARC = YES;
				CLANG_ENABLE_OBJC_WEAK = YES;
				CLANG_WARN_BLOCK_CAPTURE_AUTORELEASING = YES;
				CLANG_WARN_BOOL_CONVERSION = YES;
				CLANG_WARN_COMMA = YES;
				CLANG_WARN_CONSTANT_CONVERSION = YES;
				CLANG_WARN_DEPRECATED_OBJC_IMPLEMENTATIONS = YES;
				CLANG_WARN_DIRECT_OBJC_ISA_USAGE = YES_ERROR;
				CLANG_WARN_DOCUMENTATION_COMMENTS = YES;
				CLANG_WARN_EMPTY_BODY = YES;
				CLANG_WARN_ENUM_CONVERSION = YES;
				CLANG_WARN_INFINITE_RECURSION = YES;
				CLANG_WARN_INT_CONVERSION = YES;
				CLANG_WARN_NON_LITERAL_NULL_CONVERSION = YES;
				CLANG_WARN_OBJC_IMPLICIT_RETAIN_SELF = YES;
				CLANG_WARN_OBJC_LITERAL_CONVERSION = YES;
				CLANG_WARN_OBJC_ROOT_CLASS = YES_ERROR;
				CLANG_WARN_RANGE_LOOP_ANALYSIS = YES;
				CLANG_WARN_STRICT_PROTOTYPES = YES;
				CLANG_WARN_SUSPICIOUS_MOVE = YES;
				CLANG_WARN_UNGUARDED_AVAILABILITY = YES_AGGRESSIVE;
				CLANG_WARN_UNREACHABLE_CODE = YES;
				CLANG_WARN__DUPLICATE_METHOD_MATCH = YES;
				COPY_PHASE_STRIP = NO;
				CURRENT_PROJECT_VERSION = 1;
				DEBUG_INFORMATION_FORMAT = dwarf;
				ENABLE_STRICT_OBJC_MSGSEND = YES;
				ENABLE_TESTABILITY = YES;
				GCC_C_LANGUAGE_STANDARD = gnu11;
				GCC_DYNAMIC_NO_PIC = NO;
				GCC_NO_COMMON_BLOCKS = YES;
				GCC_OPTIMIZATION_LEVEL = 0;
				GCC_PREPROCESSOR_DEFINITIONS = (
					"DEBUG=1",
					"$(inherited)",
				);
				GCC_WARN_64_TO_32_BIT_CONVERSION = YES;
				GCC_WARN_ABOUT_RETURN_TYPE = YES_ERROR;
				GCC_WARN_UNDECLARED_SELECTOR = YES;
				GCC_WARN_UNINITIALIZED_AUTOS = YES_AGGRESSIVE;
				GCC_WARN_UNUSED_FUNCTION = YES;
				GCC_WARN_UNUSED_VARIABLE = YES;
				IPHONEOS_DEPLOYMENT_TARGET = 13.2;
				MTL_ENABLE_DEBUG_INFO = INCLUDE_SOURCE;
				MTL_FAST_MATH = YES;
				ONLY_ACTIVE_ARCH = YES;
				SDKROOT = iphoneos;
				SWIFT_ACTIVE_COMPILATION_CONDITIONS = DEBUG;
				SWIFT_OPTIMIZATION_LEVEL = "-Onone";
				VERSIONING_SYSTEM = "apple-generic";
				VERSION_INFO_PREFIX = "";
			};
			name = Debug;
		};
		A60881CF237A337500728226 /* Release */ = {
			isa = XCBuildConfiguration;
			buildSettings = {
				ALWAYS_SEARCH_USER_PATHS = NO;
				CLANG_ANALYZER_NONNULL = YES;
				CLANG_ANALYZER_NUMBER_OBJECT_CONVERSION = YES_AGGRESSIVE;
				CLANG_CXX_LANGUAGE_STANDARD = "gnu++14";
				CLANG_CXX_LIBRARY = "libc++";
				CLANG_ENABLE_MODULES = YES;
				CLANG_ENABLE_OBJC_ARC = YES;
				CLANG_ENABLE_OBJC_WEAK = YES;
				CLANG_WARN_BLOCK_CAPTURE_AUTORELEASING = YES;
				CLANG_WARN_BOOL_CONVERSION = YES;
				CLANG_WARN_COMMA = YES;
				CLANG_WARN_CONSTANT_CONVERSION = YES;
				CLANG_WARN_DEPRECATED_OBJC_IMPLEMENTATIONS = YES;
				CLANG_WARN_DIRECT_OBJC_ISA_USAGE = YES_ERROR;
				CLANG_WARN_DOCUMENTATION_COMMENTS = YES;
				CLANG_WARN_EMPTY_BODY = YES;
				CLANG_WARN_ENUM_CONVERSION = YES;
				CLANG_WARN_INFINITE_RECURSION = YES;
				CLANG_WARN_INT_CONVERSION = YES;
				CLANG_WARN_NON_LITERAL_NULL_CONVERSION = YES;
				CLANG_WARN_OBJC_IMPLICIT_RETAIN_SELF = YES;
				CLANG_WARN_OBJC_LITERAL_CONVERSION = YES;
				CLANG_WARN_OBJC_ROOT_CLASS = YES_ERROR;
				CLANG_WARN_RANGE_LOOP_ANALYSIS = YES;
				CLANG_WARN_STRICT_PROTOTYPES = YES;
				CLANG_WARN_SUSPICIOUS_MOVE = YES;
				CLANG_WARN_UNGUARDED_AVAILABILITY = YES_AGGRESSIVE;
				CLANG_WARN_UNREACHABLE_CODE = YES;
				CLANG_WARN__DUPLICATE_METHOD_MATCH = YES;
				COPY_PHASE_STRIP = NO;
				CURRENT_PROJECT_VERSION = 1;
				DEBUG_INFORMATION_FORMAT = "dwarf-with-dsym";
				ENABLE_NS_ASSERTIONS = NO;
				ENABLE_STRICT_OBJC_MSGSEND = YES;
				GCC_C_LANGUAGE_STANDARD = gnu11;
				GCC_NO_COMMON_BLOCKS = YES;
				GCC_WARN_64_TO_32_BIT_CONVERSION = YES;
				GCC_WARN_ABOUT_RETURN_TYPE = YES_ERROR;
				GCC_WARN_UNDECLARED_SELECTOR = YES;
				GCC_WARN_UNINITIALIZED_AUTOS = YES_AGGRESSIVE;
				GCC_WARN_UNUSED_FUNCTION = YES;
				GCC_WARN_UNUSED_VARIABLE = YES;
				IPHONEOS_DEPLOYMENT_TARGET = 13.2;
				MTL_ENABLE_DEBUG_INFO = NO;
				MTL_FAST_MATH = YES;
				SDKROOT = iphoneos;
				SWIFT_COMPILATION_MODE = wholemodule;
				SWIFT_OPTIMIZATION_LEVEL = "-O";
				VALIDATE_PRODUCT = YES;
				VERSIONING_SYSTEM = "apple-generic";
				VERSION_INFO_PREFIX = "";
			};
			name = Release;
		};
		A60881D1237A337500728226 /* Debug */ = {
			isa = XCBuildConfiguration;
			buildSettings = {
				CLANG_ENABLE_MODULES = YES;
				CODE_SIGN_STYLE = Automatic;
				DEFINES_MODULE = YES;
				DEVELOPMENT_TEAM = NGJVXQWTLX;
				DYLIB_COMPATIBILITY_VERSION = 1;
				DYLIB_CURRENT_VERSION = 1;
				DYLIB_INSTALL_NAME_BASE = "@rpath";
				INFOPLIST_FILE = MSAlert/Info.plist;
				INSTALL_PATH = "$(LOCAL_LIBRARY_DIR)/Frameworks";
				LD_RUNPATH_SEARCH_PATHS = (
					"$(inherited)",
					"@executable_path/Frameworks",
					"@loader_path/Frameworks",
				);
				PRODUCT_BUNDLE_IDENTIFIER = com.memoriesus.MSAlert;
				PRODUCT_NAME = "$(TARGET_NAME:c99extidentifier)";
				SKIP_INSTALL = YES;
				SWIFT_OPTIMIZATION_LEVEL = "-Onone";
				SWIFT_VERSION = 5.0;
				TARGETED_DEVICE_FAMILY = "1,2";
			};
			name = Debug;
		};
		A60881D2237A337500728226 /* Release */ = {
			isa = XCBuildConfiguration;
			buildSettings = {
				CLANG_ENABLE_MODULES = YES;
				CODE_SIGN_STYLE = Automatic;
				DEFINES_MODULE = YES;
				DEVELOPMENT_TEAM = NGJVXQWTLX;
				DYLIB_COMPATIBILITY_VERSION = 1;
				DYLIB_CURRENT_VERSION = 1;
				DYLIB_INSTALL_NAME_BASE = "@rpath";
				INFOPLIST_FILE = MSAlert/Info.plist;
				INSTALL_PATH = "$(LOCAL_LIBRARY_DIR)/Frameworks";
				LD_RUNPATH_SEARCH_PATHS = (
					"$(inherited)",
					"@executable_path/Frameworks",
					"@loader_path/Frameworks",
				);
				PRODUCT_BUNDLE_IDENTIFIER = com.memoriesus.MSAlert;
				PRODUCT_NAME = "$(TARGET_NAME:c99extidentifier)";
				SKIP_INSTALL = YES;
				SWIFT_VERSION = 5.0;
				TARGETED_DEVICE_FAMILY = "1,2";
			};
			name = Release;
		};
		A60881D4237A337500728226 /* Debug */ = {
			isa = XCBuildConfiguration;
			buildSettings = {
				ALWAYS_EMBED_SWIFT_STANDARD_LIBRARIES = YES;
				CODE_SIGN_STYLE = Automatic;
				DEVELOPMENT_TEAM = NGJVXQWTLX;
				INFOPLIST_FILE = MSAlertTests/Info.plist;
				LD_RUNPATH_SEARCH_PATHS = (
					"$(inherited)",
					"@executable_path/Frameworks",
					"@loader_path/Frameworks",
				);
				PRODUCT_BUNDLE_IDENTIFIER = com.memoriesus.MSAlertTests;
				PRODUCT_NAME = "$(TARGET_NAME)";
				SWIFT_VERSION = 5.0;
				TARGETED_DEVICE_FAMILY = "1,2";
			};
			name = Debug;
		};
		A60881D5237A337500728226 /* Release */ = {
			isa = XCBuildConfiguration;
			buildSettings = {
				ALWAYS_EMBED_SWIFT_STANDARD_LIBRARIES = YES;
				CODE_SIGN_STYLE = Automatic;
				DEVELOPMENT_TEAM = NGJVXQWTLX;
				INFOPLIST_FILE = MSAlertTests/Info.plist;
				LD_RUNPATH_SEARCH_PATHS = (
					"$(inherited)",
					"@executable_path/Frameworks",
					"@loader_path/Frameworks",
				);
				PRODUCT_BUNDLE_IDENTIFIER = com.memoriesus.MSAlertTests;
				PRODUCT_NAME = "$(TARGET_NAME)";
				SWIFT_VERSION = 5.0;
				TARGETED_DEVICE_FAMILY = "1,2";
			};
			name = Release;
		};
/* End XCBuildConfiguration section */

/* Begin XCConfigurationList section */
		A60881B6237A337500728226 /* Build configuration list for PBXProject "MSAlert" */ = {
			isa = XCConfigurationList;
			buildConfigurations = (
				A60881CE237A337500728226 /* Debug */,
				A60881CF237A337500728226 /* Release */,
			);
			defaultConfigurationIsVisible = 0;
			defaultConfigurationName = Release;
		};
		A60881D0237A337500728226 /* Build configuration list for PBXNativeTarget "MSAlert" */ = {
			isa = XCConfigurationList;
			buildConfigurations = (
				A60881D1237A337500728226 /* Debug */,
				A60881D2237A337500728226 /* Release */,
			);
			defaultConfigurationIsVisible = 0;
			defaultConfigurationName = Release;
		};
		A60881D3237A337500728226 /* Build configuration list for PBXNativeTarget "MSAlertTests" */ = {
			isa = XCConfigurationList;
			buildConfigurations = (
				A60881D4237A337500728226 /* Debug */,
				A60881D5237A337500728226 /* Release */,
			);
			defaultConfigurationIsVisible = 0;
			defaultConfigurationName = Release;
		};
/* End XCConfigurationList section */
	};
	rootObject = A60881B3237A337500728226 /* Project object */;
}
